
Microsoft Visual Studio Solution File, Format Version 12.00
# Visual Studio Version 17
VisualStudioVersion = 17.7.34024.191
MinimumVisualStudioVersion = 10.0.40219.1
Project("{8BC9CEB8-8B4A-11D0-8D11-00A0C91BC942}") = "Physiotherapy Center", "Physiotherapy Center.vcxproj", "{95F4B451-75BB-40E2-A52F-98CCEF7A87E0}"
EndProject
Global
	GlobalSection(SolutionConfigurationPlatforms) = preSolution
		Debug|x64 = Debug|x64
		Debug|x86 = Debug|x86
		Release|x64 = Release|x64
		Release|x86 = Release|x86
	EndGlobalSection
	GlobalSection(ProjectConfigurationPlatforms) = postSolution
		{95F4B451-75BB-40E2-A52F-98CCEF7A87E0}.Debug|x64.ActiveCfg = Debug|x64
		{95F4B451-75BB-40E2-A52F-98CCEF7A87E0}.Debug|x64.Build.0 = Debug|x64
		{95F4B451-75BB-40E2-A52F-98CCEF7A87E0}.Debug|x86.ActiveCfg = Debug|Win32
		{95F4B451-75BB-40E2-A52F-98CCEF7A87E0}.Debug|x86.Build.0 = Debug|Win32
		{95F4B451-75BB-40E2-A52F-98CCEF7A87E0}.Release|x64.ActiveCfg = Release|x64
		{95F4B451-75BB-40E2-A52F-98CCEF7A87E0}.Release|x64.Build.0 = Release|x64
		{95F4B451-75BB-40E2-A52F-98CCEF7A87E0}.Release|x86.ActiveCfg = Release|Win32
		{95F4B451-75BB-40E2-A52F-98CCEF7A87E0}.Release|x86.Build.0 = Release|Win32
	EndGlobalSection
	GlobalSection(SolutionProperties) = preSolution
		HideSolutionNode = FALSE
	EndGlobalSection
	GlobalSection(ExtensibilityGlobals) = postSolution
		SolutionGuid = {E59B5EA2-7331-4C00-B948-4238622C928E}
	EndGlobalSection
EndGlobal
